Microsoft Visual Studio Solution File, Format Version 11.00
# Visual Studio 2010
Project("{54435603-DBB4-11D2-8724-00A0C9A8B90C}") = "Deployment", "PowerSDR Setup.vdproj", "{9669BB23-2EB3-483F-8DE0-5F2771BBADFF}"
EndProject
Global
	GlobalSection(SolutionConfigurationPlatforms) = preSolution
		Debug|Default = Debug|Default
		Release|Default = Release|Default
	EndGlobalSection
	GlobalSection(ProjectConfigurationPlatforms) = postSolution
		{9669BB23-2EB3-483F-8DE0-5F2771BBADFF}.Debug|Default.ActiveCfg = Debug
		{9669BB23-2EB3-483F-8DE0-5F2771BBADFF}.Debug|Default.Build.0 = Debug
		{9669BB23-2EB3-483F-8DE0-5F2771BBADFF}.Release|Default.ActiveCfg = Release
		{9669BB23-2EB3-483F-8DE0-5F2771BBADFF}.Release|Default.Build.0 = Release
	EndGlobalSection
	GlobalSection(SolutionProperties) = preSolution
		HideSolutionNode = FALSE
	EndGlobalSection
EndGlobal
